// !$*UTF8*$!
{
	archiveVersion = 1;
	classes = {
	};
	objectVersion = 50;
	objects = {

/* Begin PBXBuildFile section */
		DEA36E522733B1D900BBFEF5 /* Signup.storyboard in Resources */ = {isa = PBXBuildFile; fileRef = DEA36E512733B1D900BBFEF5 /* Signup.storyboard */; };
		DEA36E582733CAEA00BBFEF5 /* SignupNC.swift in Sources */ = {isa = PBXBuildFile; fileRef = DEA36E572733CAEA00BBFEF5 /* SignupNC.swift */; };
		DEA36E5A2733CC3F00BBFEF5 /* EmailSignupVC.swift in Sources */ = {isa = PBXBuildFile; fileRef = DEA36E592733CC3F00BBFEF5 /* EmailSignupVC.swift */; };
		DEA36E5C2733CC6A00BBFEF5 /* PWSignupVC.swift in Sources */ = {isa = PBXBuildFile; fileRef = DEA36E5B2733CC6A00BBFEF5 /* PWSignupVC.swift */; };
		DEA36E5E2733CC9000BBFEF5 /* NameBirthSignupVC.swift in Sources */ = {isa = PBXBuildFile; fileRef = DEA36E5D2733CC9000BBFEF5 /* NameBirthSignupVC.swift */; };
		DEA36E642733D60100BBFEF5 /* MajorSignupVC.swift in Sources */ = {isa = PBXBuildFile; fileRef = DEA36E632733D60100BBFEF5 /* MajorSignupVC.swift */; };
		DEA36E662733D72A00BBFEF5 /* AgreementSignupVC.swift in Sources */ = {isa = PBXBuildFile; fileRef = DEA36E652733D72A00BBFEF5 /* AgreementSignupVC.swift */; };
		DEA36E682735113600BBFEF5 /* AgreementDetailVC.swift in Sources */ = {isa = PBXBuildFile; fileRef = DEA36E672735113500BBFEF5 /* AgreementDetailVC.swift */; };
		DEA36E6A27351D8300BBFEF5 /* HomeNC.storyboard in Resources */ = {isa = PBXBuildFile; fileRef = DEA36E6927351D8300BBFEF5 /* HomeNC.storyboard */; };
		DEA36E6C273522B300BBFEF5 /* HomeNC.swift in Sources */ = {isa = PBXBuildFile; fileRef = DEA36E6B273522B200BBFEF5 /* HomeNC.swift */; };
		DEA36E6E273522E900BBFEF5 /* HomeVC.swift in Sources */ = {isa = PBXBuildFile; fileRef = DEA36E6D273522E900BBFEF5 /* HomeVC.swift */; };
		DEA36E72273526E200BBFEF5 /* OnboardingVC.swift in Sources */ = {isa = PBXBuildFile; fileRef = DEA36E71273526E200BBFEF5 /* OnboardingVC.swift */; };
		DEA36E74273526F100BBFEF5 /* Onboarding.storyboard in Resources */ = {isa = PBXBuildFile; fileRef = DEA36E73273526F100BBFEF5 /* Onboarding.storyboard */; };
		DEF9E5422732C6260022B33B /* AppDelegate.swift in Sources */ = {isa = PBXBuildFile; fileRef = DEF9E5412732C6260022B33B /* AppDelegate.swift */; };
		DEF9E5442732C6260022B33B /* SceneDelegate.swift in Sources */ = {isa = PBXBuildFile; fileRef = DEF9E5432732C6260022B33B /* SceneDelegate.swift */; };
		DEF9E5462732C6260022B33B /* ViewController.swift in Sources */ = {isa = PBXBuildFile; fileRef = DEF9E5452732C6260022B33B /* ViewController.swift */; };
		DEF9E5492732C6260022B33B /* Main.storyboard in Resources */ = {isa = PBXBuildFile; fileRef = DEF9E5472732C6260022B33B /* Main.storyboard */; };
		DEF9E54C2732C6260022B33B /* Storizy_iOS.xcdatamodeld in Sources */ = {isa = PBXBuildFile; fileRef = DEF9E54A2732C6260022B33B /* Storizy_iOS.xcdatamodeld */; };
		DEF9E54E2732C6290022B33B /* Assets.xcassets in Resources */ = {isa = PBXBuildFile; fileRef = DEF9E54D2732C6290022B33B /* Assets.xcassets */; };
		DEF9E5512732C6290022B33B /* LaunchScreen.storyboard in Resources */ = {isa = PBXBuildFile; fileRef = DEF9E54F2732C6290022B33B /* LaunchScreen.storyboard */; };
		DEF9E5762732D6970022B33B /* ProjectCell.swift in Sources */ = {isa = PBXBuildFile; fileRef = DEF9E5742732D6970022B33B /* ProjectCell.swift */; };
		DEF9E5772732D6970022B33B /* ProjectCell.xib in Resources */ = {isa = PBXBuildFile; fileRef = DEF9E5752732D6970022B33B /* ProjectCell.xib */; };
		DEF9E5A12733854B0022B33B /* SigninVC.swift in Sources */ = {isa = PBXBuildFile; fileRef = DEF9E5A02733854B0022B33B /* SigninVC.swift */; };
		DEF9E5A32733855F0022B33B /* Signin.storyboard in Resources */ = {isa = PBXBuildFile; fileRef = DEF9E5A22733855F0022B33B /* Signin.storyboard */; };
		DEF9E5A82733863E0022B33B /* TabBar.storyboard in Resources */ = {isa = PBXBuildFile; fileRef = DEF9E5A72733863E0022B33B /* TabBar.storyboard */; };
		DEF9E5AA273388B20022B33B /* TabBarController.swift in Sources */ = {isa = PBXBuildFile; fileRef = DEF9E5A9273388B20022B33B /* TabBarController.swift */; };
		DEF9E5AC273389930022B33B /* SigninNC.swift in Sources */ = {isa = PBXBuildFile; fileRef = DEF9E5AB273389930022B33B /* SigninNC.swift */; };
		DEF9E5AE2733A31B0022B33B /* SplashVC.swift in Sources */ = {isa = PBXBuildFile; fileRef = DEF9E5AD2733A31B0022B33B /* SplashVC.swift */; };
/* End PBXBuildFile section */

/* Begin PBXFileReference section */
		DEA36E512733B1D900BBFEF5 /* Signup.storyboard */ = {isa = PBXFileReference; lastKnownFileType = file.storyboard; path = Signup.storyboard; sourceTree = "<group>"; };
		DEA36E572733CAEA00BBFEF5 /* SignupNC.swift */ = {isa = PBXFileReference; lastKnownFileType = sourcecode.swift; path = SignupNC.swift; sourceTree = "<group>"; };
		DEA36E592733CC3F00BBFEF5 /* EmailSignupVC.swift */ = {isa = PBXFileReference; lastKnownFileType = sourcecode.swift; path = EmailSignupVC.swift; sourceTree = "<group>"; };
		DEA36E5B2733CC6A00BBFEF5 /* PWSignupVC.swift */ = {isa = PBXFileReference; lastKnownFileType = sourcecode.swift; path = PWSignupVC.swift; sourceTree = "<group>"; };
		DEA36E5D2733CC9000BBFEF5 /* NameBirthSignupVC.swift */ = {isa = PBXFileReference; lastKnownFileType = sourcecode.swift; path = NameBirthSignupVC.swift; sourceTree = "<group>"; };
		DEA36E632733D60100BBFEF5 /* MajorSignupVC.swift */ = {isa = PBXFileReference; lastKnownFileType = sourcecode.swift; path = MajorSignupVC.swift; sourceTree = "<group>"; };
		DEA36E652733D72A00BBFEF5 /* AgreementSignupVC.swift */ = {isa = PBXFileReference; lastKnownFileType = sourcecode.swift; path = AgreementSignupVC.swift; sourceTree = "<group>"; };
		DEA36E672735113500BBFEF5 /* AgreementDetailVC.swift */ = {isa = PBXFileReference; lastKnownFileType = sourcecode.swift; path = AgreementDetailVC.swift; sourceTree = "<group>"; };
		DEA36E6927351D8300BBFEF5 /* HomeNC.storyboard */ = {isa = PBXFileReference; fileEncoding = 4; lastKnownFileType = file.storyboard; name = HomeNC.storyboard; path = "Storizy-iOS/Views/Home/HomeNC.storyboard"; sourceTree = SOURCE_ROOT; };
		DEA36E6B273522B200BBFEF5 /* HomeNC.swift */ = {isa = PBXFileReference; lastKnownFileType = sourcecode.swift; path = HomeNC.swift; sourceTree = "<group>"; };
		DEA36E6D273522E900BBFEF5 /* HomeVC.swift */ = {isa = PBXFileReference; lastKnownFileType = sourcecode.swift; path = HomeVC.swift; sourceTree = "<group>"; };
		DEA36E71273526E200BBFEF5 /* OnboardingVC.swift */ = {isa = PBXFileReference; lastKnownFileType = sourcecode.swift; path = OnboardingVC.swift; sourceTree = "<group>"; };
		DEA36E73273526F100BBFEF5 /* Onboarding.storyboard */ = {isa = PBXFileReference; lastKnownFileType = file.storyboard; path = Onboarding.storyboard; sourceTree = "<group>"; };
		DEF9E53E2732C6260022B33B /* Storizy-iOS.app */ = {isa = PBXFileReference; explicitFileType = wrapper.application; includeInIndex = 0; path = "Storizy-iOS.app"; sourceTree = BUILT_PRODUCTS_DIR; };
		DEF9E5412732C6260022B33B /* AppDelegate.swift */ = {isa = PBXFileReference; lastKnownFileType = sourcecode.swift; path = AppDelegate.swift; sourceTree = "<group>"; };
		DEF9E5432732C6260022B33B /* SceneDelegate.swift */ = {isa = PBXFileReference; lastKnownFileType = sourcecode.swift; path = SceneDelegate.swift; sourceTree = "<group>"; };
		DEF9E5452732C6260022B33B /* ViewController.swift */ = {isa = PBXFileReference; lastKnownFileType = sourcecode.swift; path = ViewController.swift; sourceTree = "<group>"; };
		DEF9E5482732C6260022B33B /* Base */ = {isa = PBXFileReference; lastKnownFileType = file.storyboard; name = Base; path = Base.lproj/Main.storyboard; sourceTree = "<group>"; };
		DEF9E54B2732C6260022B33B /* Storizy_iOS.xcdatamodel */ = {isa = PBXFileReference; lastKnownFileType = wrapper.xcdatamodel; path = Storizy_iOS.xcdatamodel; sourceTree = "<group>"; };
		DEF9E54D2732C6290022B33B /* Assets.xcassets */ = {isa = PBXFileReference; lastKnownFileType = folder.assetcatalog; path = Assets.xcassets; sourceTree = "<group>"; };
		DEF9E5502732C6290022B33B /* Base */ = {isa = PBXFileReference; lastKnownFileType = file.storyboard; name = Base; path = Base.lproj/LaunchScreen.storyboard; sourceTree = "<group>"; };
		DEF9E5522732C6290022B33B /* Info.plist */ = {isa = PBXFileReference; lastKnownFileType = text.plist.xml; path = Info.plist; sourceTree = "<group>"; };
		DEF9E5742732D6970022B33B /* ProjectCell.swift */ = {isa = PBXFileReference; lastKnownFileType = sourcecode.swift; path = ProjectCell.swift; sourceTree = "<group>"; };
		DEF9E5752732D6970022B33B /* ProjectCell.xib */ = {isa = PBXFileReference; lastKnownFileType = file.xib; path = ProjectCell.xib; sourceTree = "<group>"; };
		DEF9E5A02733854B0022B33B /* SigninVC.swift */ = {isa = PBXFileReference; lastKnownFileType = sourcecode.swift; path = SigninVC.swift; sourceTree = "<group>"; };
		DEF9E5A22733855F0022B33B /* Signin.storyboard */ = {isa = PBXFileReference; lastKnownFileType = file.storyboard; path = Signin.storyboard; sourceTree = "<group>"; };
		DEF9E5A72733863E0022B33B /* TabBar.storyboard */ = {isa = PBXFileReference; lastKnownFileType = file.storyboard; path = TabBar.storyboard; sourceTree = "<group>"; };
		DEF9E5A9273388B20022B33B /* TabBarController.swift */ = {isa = PBXFileReference; lastKnownFileType = sourcecode.swift; path = TabBarController.swift; sourceTree = "<group>"; };
		DEF9E5AB273389930022B33B /* SigninNC.swift */ = {isa = PBXFileReference; lastKnownFileType = sourcecode.swift; path = SigninNC.swift; sourceTree = "<group>"; };
		DEF9E5AD2733A31B0022B33B /* SplashVC.swift */ = {isa = PBXFileReference; lastKnownFileType = sourcecode.swift; path = SplashVC.swift; sourceTree = "<group>"; };
/* End PBXFileReference section */

/* Begin PBXFrameworksBuildPhase section */
		DEF9E53B2732C6260022B33B /* Frameworks */ = {
			isa = PBXFrameworksBuildPhase;
			buildActionMask = 2147483647;
			files = (
			);
			runOnlyForDeploymentPostprocessing = 0;
		};
/* End PBXFrameworksBuildPhase section */

/* Begin PBXGroup section */
		DEF9E5352732C6260022B33B = {
			isa = PBXGroup;
			children = (
				DEF9E5402732C6260022B33B /* Storizy-iOS */,
				DEF9E53F2732C6260022B33B /* Products */,
			);
			sourceTree = "<group>";
		};
		DEF9E53F2732C6260022B33B /* Products */ = {
			isa = PBXGroup;
			children = (
				DEF9E53E2732C6260022B33B /* Storizy-iOS.app */,
			);
			name = Products;
			sourceTree = "<group>";
		};
		DEF9E5402732C6260022B33B /* Storizy-iOS */ = {
			isa = PBXGroup;
			children = (
				DEF9E55C2732C74D0022B33B /* Views */,
				DEF9E55B2732C71F0022B33B /* Network */,
				DEF9E5592732C66E0022B33B /* Global */,
				DEF9E5452732C6260022B33B /* ViewController.swift */,
				DEF9E5472732C6260022B33B /* Main.storyboard */,
			);
			path = "Storizy-iOS";
			sourceTree = "<group>";
		};
		DEF9E5592732C66E0022B33B /* Global */ = {
			isa = PBXGroup;
			children = (
				DEF9E5412732C6260022B33B /* AppDelegate.swift */,
				DEF9E5432732C6260022B33B /* SceneDelegate.swift */,
				DEF9E54F2732C6290022B33B /* LaunchScreen.storyboard */,
				DEF9E5522732C6290022B33B /* Info.plist */,
				DEF9E54D2732C6290022B33B /* Assets.xcassets */,
				DEF9E54A2732C6260022B33B /* Storizy_iOS.xcdatamodeld */,
			);
			path = Global;
			sourceTree = "<group>";
		};
		DEF9E55B2732C71F0022B33B /* Network */ = {
			isa = PBXGroup;
			children = (
				DEF9E56B2732CD720022B33B /* APIServices */,
				DEF9E56A2732CD410022B33B /* APIModels */,
			);
			path = Network;
			sourceTree = "<group>";
		};
		DEF9E55C2732C74D0022B33B /* Views */ = {
			isa = PBXGroup;
			children = (
				DEF9E5A4273385C80022B33B /* TabBar */,
				DEF9E5602732C9D70022B33B /* Splash */,
				DEF9E55D2732C9A50022B33B /* Signup */,
				DEF9E55E2732C9B30022B33B /* Signin */,
				DEF9E5612732CA3D0022B33B /* Onboarding */,
				DEF9E55F2732C9C90022B33B /* Home */,
				DEF9E5622732CC150022B33B /* Heart */,
				DEF9E5632732CC2A0022B33B /* Create */,
				DEF9E5642732CC400022B33B /* Explore */,
				DEF9E5652732CC970022B33B /* Curation */,
			);
			path = Views;
			sourceTree = "<group>";
		};
		DEF9E55D2732C9A50022B33B /* Signup */ = {
			isa = PBXGroup;
			children = (
				DEA36E512733B1D900BBFEF5 /* Signup.storyboard */,
				DEA36E572733CAEA00BBFEF5 /* SignupNC.swift */,
				DEA36E592733CC3F00BBFEF5 /* EmailSignupVC.swift */,
				DEA36E5B2733CC6A00BBFEF5 /* PWSignupVC.swift */,
				DEA36E5D2733CC9000BBFEF5 /* NameBirthSignupVC.swift */,
				DEA36E632733D60100BBFEF5 /* MajorSignupVC.swift */,
				DEA36E652733D72A00BBFEF5 /* AgreementSignupVC.swift */,
				DEA36E672735113500BBFEF5 /* AgreementDetailVC.swift */,
			);
			path = Signup;
			sourceTree = "<group>";
		};
		DEF9E55E2732C9B30022B33B /* Signin */ = {
			isa = PBXGroup;
			children = (
				DEF9E5A02733854B0022B33B /* SigninVC.swift */,
				DEF9E5AB273389930022B33B /* SigninNC.swift */,
				DEF9E5A22733855F0022B33B /* Signin.storyboard */,
			);
			path = Signin;
			sourceTree = "<group>";
		};
		DEF9E55F2732C9C90022B33B /* Home */ = {
			isa = PBXGroup;
			children = (
				DEA36E6927351D8300BBFEF5 /* HomeNC.storyboard */,
				DEA36E6B273522B200BBFEF5 /* HomeNC.swift */,
				DEA36E6D273522E900BBFEF5 /* HomeVC.swift */,
				DEF9E5742732D6970022B33B /* ProjectCell.swift */,
				DEF9E5752732D6970022B33B /* ProjectCell.xib */,
			);
			path = Home;
			sourceTree = "<group>";
		};
		DEF9E5602732C9D70022B33B /* Splash */ = {
			isa = PBXGroup;
			children = (
				DEF9E5AD2733A31B0022B33B /* SplashVC.swift */,
			);
			path = Splash;
			sourceTree = "<group>";
		};
		DEF9E5612732CA3D0022B33B /* Onboarding */ = {
			isa = PBXGroup;
			children = (
				DEA36E71273526E200BBFEF5 /* OnboardingVC.swift */,
				DEA36E73273526F100BBFEF5 /* Onboarding.storyboard */,
			);
			path = Onboarding;
			sourceTree = "<group>";
		};
		DEF9E5622732CC150022B33B /* Heart */ = {
			isa = PBXGroup;
			children = (
			);
			path = Heart;
			sourceTree = "<group>";
		};
		DEF9E5632732CC2A0022B33B /* Create */ = {
			isa = PBXGroup;
			children = (
			);
			path = Create;
			sourceTree = "<group>";
		};
		DEF9E5642732CC400022B33B /* Explore */ = {
			isa = PBXGroup;
			children = (
			);
			path = Explore;
			sourceTree = "<group>";
		};
		DEF9E5652732CC970022B33B /* Curation */ = {
			isa = PBXGroup;
			children = (
			);
			path = Curation;
			sourceTree = "<group>";
		};
		DEF9E5682732CD340022B33B /* Curation */ = {
			isa = PBXGroup;
			children = (
			);
			path = Curation;
			sourceTree = "<group>";
		};
		DEF9E5692732CD3A0022B33B /* Explore */ = {
			isa = PBXGroup;
			children = (
			);
			path = Explore;
			sourceTree = "<group>";
		};
		DEF9E56A2732CD410022B33B /* APIModels */ = {
			isa = PBXGroup;
			children = (
			);
			path = APIModels;
			sourceTree = "<group>";
		};
		DEF9E56B2732CD720022B33B /* APIServices */ = {
			isa = PBXGroup;
			children = (
				DEF9E5722732CE190022B33B /* Signup */,
				DEF9E5732732CE240022B33B /* SIgnin */,
				DEF9E5712732CE030022B33B /* Profile */,
				DEF9E56F2732CDD70022B33B /* Home */,
				DEF9E56E2732CDCF0022B33B /* Heart */,
				DEF9E56D2732CDBC0022B33B /* Page */,
				DEF9E56C2732CD980022B33B /* Project */,
				DEF9E5692732CD3A0022B33B /* Explore */,
				DEF9E5682732CD340022B33B /* Curation */,
			);
			path = APIServices;
			sourceTree = "<group>";
		};
		DEF9E56C2732CD980022B33B /* Project */ = {
			isa = PBXGroup;
			children = (
			);
			path = Project;
			sourceTree = "<group>";
		};
		DEF9E56D2732CDBC0022B33B /* Page */ = {
			isa = PBXGroup;
			children = (
			);
			path = Page;
			sourceTree = "<group>";
		};
		DEF9E56E2732CDCF0022B33B /* Heart */ = {
			isa = PBXGroup;
			children = (
			);
			path = Heart;
			sourceTree = "<group>";
		};
		DEF9E56F2732CDD70022B33B /* Home */ = {
			isa = PBXGroup;
			children = (
			);
			path = Home;
			sourceTree = "<group>";
		};
		DEF9E5712732CE030022B33B /* Profile */ = {
			isa = PBXGroup;
			children = (
			);
			path = Profile;
			sourceTree = "<group>";
		};
		DEF9E5722732CE190022B33B /* Signup */ = {
			isa = PBXGroup;
			children = (
			);
			path = Signup;
			sourceTree = "<group>";
		};
		DEF9E5732732CE240022B33B /* SIgnin */ = {
			isa = PBXGroup;
			children = (
			);
			path = SIgnin;
			sourceTree = "<group>";
		};
		DEF9E5A4273385C80022B33B /* TabBar */ = {
			isa = PBXGroup;
			children = (
				DEF9E5A72733863E0022B33B /* TabBar.storyboard */,
				DEF9E5A9273388B20022B33B /* TabBarController.swift */,
			);
			path = TabBar;
			sourceTree = "<group>";
		};
/* End PBXGroup section */

/* Begin PBXNativeTarget section */
		DEF9E53D2732C6260022B33B /* Storizy-iOS */ = {
			isa = PBXNativeTarget;
			buildConfigurationList = DEF9E5552732C6290022B33B /* Build configuration list for PBXNativeTarget "Storizy-iOS" */;
			buildPhases = (
				DEF9E53A2732C6260022B33B /* Sources */,
				DEF9E53B2732C6260022B33B /* Frameworks */,
				DEF9E53C2732C6260022B33B /* Resources */,
			);
			buildRules = (
			);
			dependencies = (
			);
			name = "Storizy-iOS";
			productName = "Storizy-iOS";
			productReference = DEF9E53E2732C6260022B33B /* Storizy-iOS.app */;
			productType = "com.apple.product-type.application";
		};
/* End PBXNativeTarget section */

/* Begin PBXProject section */
		DEF9E5362732C6260022B33B /* Project object */ = {
			isa = PBXProject;
			attributes = {
				LastSwiftUpdateCheck = 1250;
				LastUpgradeCheck = 1250;
				TargetAttributes = {
					DEF9E53D2732C6260022B33B = {
						CreatedOnToolsVersion = 12.5.1;
					};
				};
			};
			buildConfigurationList = DEF9E5392732C6260022B33B /* Build configuration list for PBXProject "Storizy-iOS" */;
			compatibilityVersion = "Xcode 9.3";
			developmentRegion = en;
			hasScannedForEncodings = 0;
			knownRegions = (
				en,
				Base,
			);
			mainGroup = DEF9E5352732C6260022B33B;
			productRefGroup = DEF9E53F2732C6260022B33B /* Products */;
			projectDirPath = "";
			projectRoot = "";
			targets = (
				DEF9E53D2732C6260022B33B /* Storizy-iOS */,
			);
		};
/* End PBXProject section */

/* Begin PBXResourcesBuildPhase section */
		DEF9E53C2732C6260022B33B /* Resources */ = {
			isa = PBXResourcesBuildPhase;
			buildActionMask = 2147483647;
			files = (
				DEA36E522733B1D900BBFEF5 /* Signup.storyboard in Resources */,
				DEF9E5A32733855F0022B33B /* Signin.storyboard in Resources */,
				DEA36E6A27351D8300BBFEF5 /* HomeNC.storyboard in Resources */,
				DEF9E5512732C6290022B33B /* LaunchScreen.storyboard in Resources */,
				DEF9E54E2732C6290022B33B /* Assets.xcassets in Resources */,
				DEF9E5492732C6260022B33B /* Main.storyboard in Resources */,
				DEA36E74273526F100BBFEF5 /* Onboarding.storyboard in Resources */,
				DEF9E5A82733863E0022B33B /* TabBar.storyboard in Resources */,
				DEF9E5772732D6970022B33B /* ProjectCell.xib in Resources */,
			);
			runOnlyForDeploymentPostprocessing = 0;
		};
/* End PBXResourcesBuildPhase section */

/* Begin PBXSourcesBuildPhase section */
		DEF9E53A2732C6260022B33B /* Sources */ = {
			isa = PBXSourcesBuildPhase;
			buildActionMask = 2147483647;
			files = (
				DEF9E5462732C6260022B33B /* ViewController.swift in Sources */,
				DEF9E5422732C6260022B33B /* AppDelegate.swift in Sources */,
				DEF9E5AC273389930022B33B /* SigninNC.swift in Sources */,
				DEA36E6E273522E900BBFEF5 /* HomeVC.swift in Sources */,
				DEA36E5E2733CC9000BBFEF5 /* NameBirthSignupVC.swift in Sources */,
				DEF9E5AE2733A31B0022B33B /* SplashVC.swift in Sources */,
				DEF9E54C2732C6260022B33B /* Storizy_iOS.xcdatamodeld in Sources */,
				DEA36E72273526E200BBFEF5 /* OnboardingVC.swift in Sources */,
				DEA36E682735113600BBFEF5 /* AgreementDetailVC.swift in Sources */,
				DEA36E6C273522B300BBFEF5 /* HomeNC.swift in Sources */,
				DEA36E5A2733CC3F00BBFEF5 /* EmailSignupVC.swift in Sources */,
				DEA36E662733D72A00BBFEF5 /* AgreementSignupVC.swift in Sources */,
				DEF9E5762732D6970022B33B /* ProjectCell.swift in Sources */,
				DEA36E5C2733CC6A00BBFEF5 /* PWSignupVC.swift in Sources */,
				DEF9E5AA273388B20022B33B /* TabBarController.swift in Sources */,
				DEA36E582733CAEA00BBFEF5 /* SignupNC.swift in Sources */,
				DEF9E5A12733854B0022B33B /* SigninVC.swift in Sources */,
				DEA36E642733D60100BBFEF5 /* MajorSignupVC.swift in Sources */,
				DEF9E5442732C6260022B33B /* SceneDelegate.swift in Sources */,
			);
			runOnlyForDeploymentPostprocessing = 0;
		};
/* End PBXSourcesBuildPhase section */

/* Begin PBXVariantGroup section */
		DEF9E5472732C6260022B33B /* Main.storyboard */ = {
			isa = PBXVariantGroup;
			children = (
				DEF9E5482732C6260022B33B /* Base */,
			);
			name = Main.storyboard;
			sourceTree = "<group>";
		};
		DEF9E54F2732C6290022B33B /* LaunchScreen.storyboard */ = {
			isa = PBXVariantGroup;
			children = (
				DEF9E5502732C6290022B33B /* Base */,
			);
			name = LaunchScreen.storyboard;
			sourceTree = "<group>";
		};
/* End PBXVariantGroup section */

/* Begin XCBuildConfiguration section */
		DEF9E5532732C6290022B33B /* Debug */ = {
			isa = XCBuildConfiguration;
			buildSettings = {
				ALWAYS_SEARCH_USER_PATHS = NO;
				CLANG_ANALYZER_NONNULL = YES;
				CLANG_ANALYZER_NUMBER_OBJECT_CONVERSION = YES_AGGRESSIVE;
				CLANG_CXX_LANGUAGE_STANDARD = "gnu++14";
				CLANG_CXX_LIBRARY = "libc++";
				CLANG_ENABLE_MODULES = YES;
				CLANG_ENABLE_OBJC_ARC = YES;
				CLANG_ENABLE_OBJC_WEAK = YES;
				CLANG_WARN_BLOCK_CAPTURE_AUTORELEASING = YES;
				CLANG_WARN_BOOL_CONVERSION = YES;
				CLANG_WARN_COMMA = YES;
				CLANG_WARN_CONSTANT_CONVERSION = YES;
				CLANG_WARN_DEPRECATED_OBJC_IMPLEMENTATIONS = YES;
				CLANG_WARN_DIRECT_OBJC_ISA_USAGE = YES_ERROR;
				CLANG_WARN_DOCUMENTATION_COMMENTS = YES;
				CLANG_WARN_EMPTY_BODY = YES;
				CLANG_WARN_ENUM_CONVERSION = YES;
				CLANG_WARN_INFINITE_RECURSION = YES;
				CLANG_WARN_INT_CONVERSION = YES;
				CLANG_WARN_NON_LITERAL_NULL_CONVERSION = YES;
				CLANG_WARN_OBJC_IMPLICIT_RETAIN_SELF = YES;
				CLANG_WARN_OBJC_LITERAL_CONVERSION = YES;
				CLANG_WARN_OBJC_ROOT_CLASS = YES_ERROR;
				CLANG_WARN_QUOTED_INCLUDE_IN_FRAMEWORK_HEADER = YES;
				CLANG_WARN_RANGE_LOOP_ANALYSIS = YES;
				CLANG_WARN_STRICT_PROTOTYPES = YES;
				CLANG_WARN_SUSPICIOUS_MOVE = YES;
				CLANG_WARN_UNGUARDED_AVAILABILITY = YES_AGGRESSIVE;
				CLANG_WARN_UNREACHABLE_CODE = YES;
				CLANG_WARN__DUPLICATE_METHOD_MATCH = YES;
				COPY_PHASE_STRIP = NO;
				DEBUG_INFORMATION_FORMAT = dwarf;
				ENABLE_STRICT_OBJC_MSGSEND = YES;
				ENABLE_TESTABILITY = YES;
				GCC_C_LANGUAGE_STANDARD = gnu11;
				GCC_DYNAMIC_NO_PIC = NO;
				GCC_NO_COMMON_BLOCKS = YES;
				GCC_OPTIMIZATION_LEVEL = 0;
				GCC_PREPROCESSOR_DEFINITIONS = (
					"DEBUG=1",
					"$(inherited)",
				);
				GCC_WARN_64_TO_32_BIT_CONVERSION = YES;
				GCC_WARN_ABOUT_RETURN_TYPE = YES_ERROR;
				GCC_WARN_UNDECLARED_SELECTOR = YES;
				GCC_WARN_UNINITIALIZED_AUTOS = YES_AGGRESSIVE;
				GCC_WARN_UNUSED_FUNCTION = YES;
				GCC_WARN_UNUSED_VARIABLE = YES;
				IPHONEOS_DEPLOYMENT_TARGET = 14.5;
				MTL_ENABLE_DEBUG_INFO = INCLUDE_SOURCE;
				MTL_FAST_MATH = YES;
				ONLY_ACTIVE_ARCH = YES;
				SDKROOT = iphoneos;
				SWIFT_ACTIVE_COMPILATION_CONDITIONS = DEBUG;
				SWIFT_OPTIMIZATION_LEVEL = "-Onone";
			};
			name = Debug;
		};
		DEF9E5542732C6290022B33B /* Release */ = {
			isa = XCBuildConfiguration;
			buildSettings = {
				ALWAYS_SEARCH_USER_PATHS = NO;
				CLANG_ANALYZER_NONNULL = YES;
				CLANG_ANALYZER_NUMBER_OBJECT_CONVERSION = YES_AGGRESSIVE;
				CLANG_CXX_LANGUAGE_STANDARD = "gnu++14";
				CLANG_CXX_LIBRARY = "libc++";
				CLANG_ENABLE_MODULES = YES;
				CLANG_ENABLE_OBJC_ARC = YES;
				CLANG_ENABLE_OBJC_WEAK = YES;
				CLANG_WARN_BLOCK_CAPTURE_AUTORELEASING = YES;
				CLANG_WARN_BOOL_CONVERSION = YES;
				CLANG_WARN_COMMA = YES;
				CLANG_WARN_CONSTANT_CONVERSION = YES;
				CLANG_WARN_DEPRECATED_OBJC_IMPLEMENTATIONS = YES;
				CLANG_WARN_DIRECT_OBJC_ISA_USAGE = YES_ERROR;
				CLANG_WARN_DOCUMENTATION_COMMENTS = YES;
				CLANG_WARN_EMPTY_BODY = YES;
				CLANG_WARN_ENUM_CONVERSION = YES;
				CLANG_WARN_INFINITE_RECURSION = YES;
				CLANG_WARN_INT_CONVERSION = YES;
				CLANG_WARN_NON_LITERAL_NULL_CONVERSION = YES;
				CLANG_WARN_OBJC_IMPLICIT_RETAIN_SELF = YES;
				CLANG_WARN_OBJC_LITERAL_CONVERSION = YES;
				CLANG_WARN_OBJC_ROOT_CLASS = YES_ERROR;
				CLANG_WARN_QUOTED_INCLUDE_IN_FRAMEWORK_HEADER = YES;
				CLANG_WARN_RANGE_LOOP_ANALYSIS = YES;
				CLANG_WARN_STRICT_PROTOTYPES = YES;
				CLANG_WARN_SUSPICIOUS_MOVE = YES;
				CLANG_WARN_UNGUARDED_AVAILABILITY = YES_AGGRESSIVE;
				CLANG_WARN_UNREACHABLE_CODE = YES;
				CLANG_WARN__DUPLICATE_METHOD_MATCH = YES;
				COPY_PHASE_STRIP = NO;
				DEBUG_INFORMATION_FORMAT = "dwarf-with-dsym";
				ENABLE_NS_ASSERTIONS = NO;
				ENABLE_STRICT_OBJC_MSGSEND = YES;
				GCC_C_LANGUAGE_STANDARD = gnu11;
				GCC_NO_COMMON_BLOCKS = YES;
				GCC_WARN_64_TO_32_BIT_CONVERSION = YES;
				GCC_WARN_ABOUT_RETURN_TYPE = YES_ERROR;
				GCC_WARN_UNDECLARED_SELECTOR = YES;
				GCC_WARN_UNINITIALIZED_AUTOS = YES_AGGRESSIVE;
				GCC_WARN_UNUSED_FUNCTION = YES;
				GCC_WARN_UNUSED_VARIABLE = YES;
				IPHONEOS_DEPLOYMENT_TARGET = 14.5;
				MTL_ENABLE_DEBUG_INFO = NO;
				MTL_FAST_MATH = YES;
				SDKROOT = iphoneos;
				SWIFT_COMPILATION_MODE = wholemodule;
				SWIFT_OPTIMIZATION_LEVEL = "-O";
				VALIDATE_PRODUCT = YES;
			};
			name = Release;
		};
		DEF9E5562732C6290022B33B /* Debug */ = {
			isa = XCBuildConfiguration;
			buildSettings = {
				ASSETCATALOG_COMPILER_APPICON_NAME = AppIcon;
				ASSETCATALOG_COMPILER_GLOBAL_ACCENT_COLOR_NAME = AccentColor;
				CODE_SIGN_STYLE = Automatic;
				DEVELOPMENT_TEAM = 9667HQFPGB;
				INFOPLIST_FILE = "Storizy-iOS/Global/Info.plist";
				IPHONEOS_DEPLOYMENT_TARGET = 13.0;
				LD_RUNPATH_SEARCH_PATHS = (
					"$(inherited)",
					"@executable_path/Frameworks",
				);
				PRODUCT_BUNDLE_IDENTIFIER = "com.sio2whocodes.Storizy-iOS";
				PRODUCT_NAME = "$(TARGET_NAME)";
				SWIFT_VERSION = 5.0;
				TARGETED_DEVICE_FAMILY = 1;
			};
			name = Debug;
		};
		DEF9E5572732C6290022B33B /* Release */ = {
			isa = XCBuildConfiguration;
			buildSettings = {
				ASSETCATALOG_COMPILER_APPICON_NAME = AppIcon;
				ASSETCATALOG_COMPILER_GLOBAL_ACCENT_COLOR_NAME = AccentColor;
				CODE_SIGN_STYLE = Automatic;
				DEVELOPMENT_TEAM = 9667HQFPGB;
				INFOPLIST_FILE = "Storizy-iOS/Global/Info.plist";
				IPHONEOS_DEPLOYMENT_TARGET = 13.0;
				LD_RUNPATH_SEARCH_PATHS = (
					"$(inherited)",
					"@executable_path/Frameworks",
				);
				PRODUCT_BUNDLE_IDENTIFIER = "com.sio2whocodes.Storizy-iOS";
				PRODUCT_NAME = "$(TARGET_NAME)";
				SWIFT_VERSION = 5.0;
				TARGETED_DEVICE_FAMILY = 1;
			};
			name = Release;
		};
/* End XCBuildConfiguration section */

/* Begin XCConfigurationList section */
		DEF9E5392732C6260022B33B /* Build configuration list for PBXProject "Storizy-iOS" */ = {
			isa = XCConfigurationList;
			buildConfigurations = (
				DEF9E5532732C6290022B33B /* Debug */,
				DEF9E5542732C6290022B33B /* Release */,
			);
			defaultConfigurationIsVisible = 0;
			defaultConfigurationName = Release;
		};
		DEF9E5552732C6290022B33B /* Build configuration list for PBXNativeTarget "Storizy-iOS" */ = {
			isa = XCConfigurationList;
			buildConfigurations = (
				DEF9E5562732C6290022B33B /* Debug */,
				DEF9E5572732C6290022B33B /* Release */,
			);
			defaultConfigurationIsVisible = 0;
			defaultConfigurationName = Release;
		};
/* End XCConfigurationList section */

/* Begin XCVersionGroup section */
		DEF9E54A2732C6260022B33B /* Storizy_iOS.xcdatamodeld */ = {
			isa = XCVersionGroup;
			children = (
				DEF9E54B2732C6260022B33B /* Storizy_iOS.xcdatamodel */,
			);
			currentVersion = DEF9E54B2732C6260022B33B /* Storizy_iOS.xcdatamodel */;
			path = Storizy_iOS.xcdatamodeld;
			sourceTree = "<group>";
			versionGroupType = wrapper.xcdatamodel;
		};
/* End XCVersionGroup section */
	};
	rootObject = DEF9E5362732C6260022B33B /* Project object */;
}
